// !$*UTF8*$!
{
	archiveVersion = 1;
	classes = {
	};
	objectVersion = 46;
	objects = {

/* Begin PBXBuildFile section */
		CF055BAB1E19EAF400DF5C74 /* data.json in Resources */ = {isa = PBXBuildFile; fileRef = CF055BAA1E19EAF400DF5C74 /* data.json */; };
		CF055BAD1E19EBD500DF5C74 /* CoreDataStack.swift in Sources */ = {isa = PBXBuildFile; fileRef = CF055BAC1E19EBD500DF5C74 /* CoreDataStack.swift */; };
		CFD95F001E13BCF6002D4120 /* AppDelegate.swift in Sources */ = {isa = PBXBuildFile; fileRef = CFD95EFF1E13BCF6002D4120 /* AppDelegate.swift */; };
		CFD95F021E13BCF6002D4120 /* ViewController.swift in Sources */ = {isa = PBXBuildFile; fileRef = CFD95F011E13BCF6002D4120 /* ViewController.swift */; };
		CFD95F051E13BCF6002D4120 /* Main.storyboard in Resources */ = {isa = PBXBuildFile; fileRef = CFD95F031E13BCF6002D4120 /* Main.storyboard */; };
		CFD95F071E13BCF6002D4120 /* Assets.xcassets in Resources */ = {isa = PBXBuildFile; fileRef = CFD95F061E13BCF6002D4120 /* Assets.xcassets */; };
		CFD95F0A1E13BCF6002D4120 /* LaunchScreen.storyboard in Resources */ = {isa = PBXBuildFile; fileRef = CFD95F081E13BCF6002D4120 /* LaunchScreen.storyboard */; };
		CFD95F131E13BD08002D4120 /* Model.xcdatamodeld in Sources */ = {isa = PBXBuildFile; fileRef = CFD95F111E13BD08002D4120 /* Model.xcdatamodeld */; };
/* End PBXBuildFile section */

/* Begin PBXFileReference section */
		CF055BAA1E19EAF400DF5C74 /* data.json */ = {isa = PBXFileReference; fileEncoding = 4; lastKnownFileType = text.json; path = data.json; sourceTree = SOURCE_ROOT; };
		CF055BAC1E19EBD500DF5C74 /* CoreDataStack.swift */ = {isa = PBXFileReference; fileEncoding = 4; lastKnownFileType = sourcecode.swift; path = CoreDataStack.swift; sourceTree = SOURCE_ROOT; };
		CFD95EFC1E13BCF6002D4120 /* HotWheelsCollection.app */ = {isa = PBXFileReference; explicitFileType = wrapper.application; includeInIndex = 0; path = HotWheelsCollection.app; sourceTree = BUILT_PRODUCTS_DIR; };
		CFD95EFF1E13BCF6002D4120 /* AppDelegate.swift */ = {isa = PBXFileReference; lastKnownFileType = sourcecode.swift; path = AppDelegate.swift; sourceTree = "<group>"; };
		CFD95F011E13BCF6002D4120 /* ViewController.swift */ = {isa = PBXFileReference; lastKnownFileType = sourcecode.swift; path = ViewController.swift; sourceTree = "<group>"; };
		CFD95F041E13BCF6002D4120 /* Base */ = {isa = PBXFileReference; lastKnownFileType = file.storyboard; name = Base; path = Base.lproj/Main.storyboard; sourceTree = "<group>"; };
		CFD95F061E13BCF6002D4120 /* Assets.xcassets */ = {isa = PBXFileReference; lastKnownFileType = folder.assetcatalog; path = Assets.xcassets; sourceTree = "<group>"; };
		CFD95F091E13BCF6002D4120 /* Base */ = {isa = PBXFileReference; lastKnownFileType = file.storyboard; name = Base; path = Base.lproj/LaunchScreen.storyboard; sourceTree = "<group>"; };
		CFD95F0B1E13BCF6002D4120 /* Info.plist */ = {isa = PBXFileReference; lastKnownFileType = text.plist.xml; path = Info.plist; sourceTree = "<group>"; };
		CFD95F121E13BD08002D4120 /* Model.xcdatamodel */ = {isa = PBXFileReference; lastKnownFileType = wrapper.xcdatamodel; path = Model.xcdatamodel; sourceTree = "<group>"; };
/* End PBXFileReference section */

/* Begin PBXFrameworksBuildPhase section */
		CFD95EF91E13BCF6002D4120 /* Frameworks */ = {
			isa = PBXFrameworksBuildPhase;
			buildActionMask = 2147483647;
			files = (
			);
			runOnlyForDeploymentPostprocessing = 0;
		};
/* End PBXFrameworksBuildPhase section */

/* Begin PBXGroup section */
		CFD95EF31E13BCF6002D4120 = {
			isa = PBXGroup;
			children = (
				CFD95F111E13BD08002D4120 /* Model.xcdatamodeld */,
				CFD95EFE1E13BCF6002D4120 /* HotWheelsCollection */,
				CFD95EFD1E13BCF6002D4120 /* Products */,
			);
			sourceTree = "<group>";
		};
		CFD95EFD1E13BCF6002D4120 /* Products */ = {
			isa = PBXGroup;
			children = (
				CFD95EFC1E13BCF6002D4120 /* HotWheelsCollection.app */,
			);
			name = Products;
			sourceTree = "<group>";
		};
		CFD95EFE1E13BCF6002D4120 /* HotWheelsCollection */ = {
			isa = PBXGroup;
			children = (
				CFD95EFF1E13BCF6002D4120 /* AppDelegate.swift */,
				CF055BAC1E19EBD500DF5C74 /* CoreDataStack.swift */,
				CFD95F011E13BCF6002D4120 /* ViewController.swift */,
				CF055BAA1E19EAF400DF5C74 /* data.json */,
				CFD95F031E13BCF6002D4120 /* Main.storyboard */,
				CFD95F061E13BCF6002D4120 /* Assets.xcassets */,
				CFD95F081E13BCF6002D4120 /* LaunchScreen.storyboard */,
				CFD95F0B1E13BCF6002D4120 /* Info.plist */,
			);
			path = HotWheelsCollection;
			sourceTree = "<group>";
		};
/* End PBXGroup section */

/* Begin PBXNativeTarget section */
		CFD95EFB1E13BCF6002D4120 /* HotWheelsCollection */ = {
			isa = PBXNativeTarget;
			buildConfigurationList = CFD95F0E1E13BCF6002D4120 /* Build configuration list for PBXNativeTarget "HotWheelsCollection" */;
			buildPhases = (
				CFD95EF81E13BCF6002D4120 /* Sources */,
				CFD95EF91E13BCF6002D4120 /* Frameworks */,
				CFD95EFA1E13BCF6002D4120 /* Resources */,
			);
			buildRules = (
			);
			dependencies = (
			);
			name = HotWheelsCollection;
			productName = HotWheelsCollection;
			productReference = CFD95EFC1E13BCF6002D4120 /* HotWheelsCollection.app */;
			productType = "com.apple.product-type.application";
		};
/* End PBXNativeTarget section */

/* Begin PBXProject section */
		CFD95EF41E13BCF6002D4120 /* Project object */ = {
			isa = PBXProject;
			attributes = {
				LastSwiftUpdateCheck = 0820;
				LastUpgradeCheck = 0820;
				ORGANIZATIONNAME = "Khanh T Pham";
				TargetAttributes = {
					CFD95EFB1E13BCF6002D4120 = {
						CreatedOnToolsVersion = 8.2.1;
						DevelopmentTeam = N5BSAGANVU;
						ProvisioningStyle = Automatic;
					};
				};
			};
			buildConfigurationList = CFD95EF71E13BCF6002D4120 /* Build configuration list for PBXProject "HotWheelsCollection" */;
			compatibilityVersion = "Xcode 3.2";
			developmentRegion = English;
			hasScannedForEncodings = 0;
			knownRegions = (
				en,
				Base,
			);
			mainGroup = CFD95EF31E13BCF6002D4120;
			productRefGroup = CFD95EFD1E13BCF6002D4120 /* Products */;
			projectDirPath = "";
			projectRoot = "";
			targets = (
				CFD95EFB1E13BCF6002D4120 /* HotWheelsCollection */,
			);
		};
/* End PBXProject section */

/* Begin PBXResourcesBuildPhase section */
		CFD95EFA1E13BCF6002D4120 /* Resources */ = {
			isa = PBXResourcesBuildPhase;
			buildActionMask = 2147483647;
			files = (
				CFD95F0A1E13BCF6002D4120 /* LaunchScreen.storyboard in Resources */,
				CFD95F071E13BCF6002D4120 /* Assets.xcassets in Resources */,
				CFD95F051E13BCF6002D4120 /* Main.storyboard in Resources */,
				CF055BAB1E19EAF400DF5C74 /* data.json in Resources */,
			);
			runOnlyForDeploymentPostprocessing = 0;
		};
/* End PBXResourcesBuildPhase section */

/* Begin PBXSourcesBuildPhase section */
		CFD95EF81E13BCF6002D4120 /* Sources */ = {
			isa = PBXSourcesBuildPhase;
			buildActionMask = 2147483647;
			files = (
				CFD95F021E13BCF6002D4120 /* ViewController.swift in Sources */,
				CFD95F001E13BCF6002D4120 /* AppDelegate.swift in Sources */,
				CFD95F131E13BD08002D4120 /* Model.xcdatamodeld in Sources */,
				CF055BAD1E19EBD500DF5C74 /* CoreDataStack.swift in Sources */,
			);
			runOnlyForDeploymentPostprocessing = 0;
		};
/* End PBXSourcesBuildPhase section */

/* Begin PBXVariantGroup section */
		CFD95F031E13BCF6002D4120 /* Main.storyboard */ = {
			isa = PBXVariantGroup;
			children = (
				CFD95F041E13BCF6002D4120 /* Base */,
			);
			name = Main.storyboard;
			sourceTree = "<group>";
		};
		CFD95F081E13BCF6002D4120 /* LaunchScreen.storyboard */ = {
			isa = PBXVariantGroup;
			children = (
				CFD95F091E13BCF6002D4120 /* Base */,
			);
			name = LaunchScreen.storyboard;
			sourceTree = "<group>";
		};
/* End PBXVariantGroup section */

/* Begin XCBuildConfiguration section */
		CFD95F0C1E13BCF6002D4120 /* Debug */ = {
			isa = XCBuildConfiguration;
			buildSettings = {
				ALWAYS_SEARCH_USER_PATHS = NO;
				CLANG_ANALYZER_NONNULL = YES;
				CLANG_CXX_LANGUAGE_STANDARD = "gnu++0x";
				CLANG_CXX_LIBRARY = "libc++";
				CLANG_ENABLE_MODULES = YES;
				CLANG_ENABLE_OBJC_ARC = YES;
				CLANG_WARN_BOOL_CONVERSION = YES;
				CLANG_WARN_CONSTANT_CONVERSION = YES;
				CLANG_WARN_DIRECT_OBJC_ISA_USAGE = YES_ERROR;
				CLANG_WARN_DOCUMENTATION_COMMENTS = YES;
				CLANG_WARN_EMPTY_BODY = YES;
				CLANG_WARN_ENUM_CONVERSION = YES;
				CLANG_WARN_INFINITE_RECURSION = YES;
				CLANG_WARN_INT_CONVERSION = YES;
				CLANG_WARN_OBJC_ROOT_CLASS = YES_ERROR;
				CLANG_WARN_SUSPICIOUS_MOVE = YES;
				CLANG_WARN_UNREACHABLE_CODE = YES;
				CLANG_WARN__DUPLICATE_METHOD_MATCH = YES;
				"CODE_SIGN_IDENTITY[sdk=iphoneos*]" = "iPhone Developer";
				COPY_PHASE_STRIP = NO;
				DEBUG_INFORMATION_FORMAT = dwarf;
				ENABLE_STRICT_OBJC_MSGSEND = YES;
				ENABLE_TESTABILITY = YES;
				GCC_C_LANGUAGE_STANDARD = gnu99;
				GCC_DYNAMIC_NO_PIC = NO;
				GCC_NO_COMMON_BLOCKS = YES;
				GCC_OPTIMIZATION_LEVEL = 0;
				GCC_PREPROCESSOR_DEFINITIONS = (
					"DEBUG=1",
					"$(inherited)",
				);
				GCC_WARN_64_TO_32_BIT_CONVERSION = YES;
				GCC_WARN_ABOUT_RETURN_TYPE = YES_ERROR;
				GCC_WARN_UNDECLARED_SELECTOR = YES;
				GCC_WARN_UNINITIALIZED_AUTOS = YES_AGGRESSIVE;
				GCC_WARN_UNUSED_FUNCTION = YES;
				GCC_WARN_UNUSED_VARIABLE = YES;
				IPHONEOS_DEPLOYMENT_TARGET = 10.2;
				MTL_ENABLE_DEBUG_INFO = YES;
				ONLY_ACTIVE_ARCH = YES;
				SDKROOT = iphoneos;
				SWIFT_ACTIVE_COMPILATION_CONDITIONS = DEBUG;
				SWIFT_OPTIMIZATION_LEVEL = "-Onone";
				TARGETED_DEVICE_FAMILY = "1,2";
			};
			name = Debug;
		};
		CFD95F0D1E13BCF6002D4120 /* Release */ = {
			isa = XCBuildConfiguration;
			buildSettings = {
				ALWAYS_SEARCH_USER_PATHS = NO;
				CLANG_ANALYZER_NONNULL = YES;
				CLANG_CXX_LANGUAGE_STANDARD = "gnu++0x";
				CLANG_CXX_LIBRARY = "libc++";
				CLANG_ENABLE_MODULES = YES;
				CLANG_ENABLE_OBJC_ARC = YES;
				CLANG_WARN_BOOL_CONVERSION = YES;
				CLANG_WARN_CONSTANT_CONVERSION = YES;
				CLANG_WARN_DIRECT_OBJC_ISA_USAGE = YES_ERROR;
				CLANG_WARN_DOCUMENTATION_COMMENTS = YES;
				CLANG_WARN_EMPTY_BODY = YES;
				CLANG_WARN_ENUM_CONVERSION = YES;
				CLANG_WARN_INFINITE_RECURSION = YES;
				CLANG_WARN_INT_CONVERSION = YES;
				CLANG_WARN_OBJC_ROOT_CLASS = YES_ERROR;
				CLANG_WARN_SUSPICIOUS_MOVE = YES;
				CLANG_WARN_UNREACHABLE_CODE = YES;
				CLANG_WARN__DUPLICATE_METHOD_MATCH = YES;
				"CODE_SIGN_IDENTITY[sdk=iphoneos*]" = "iPhone Developer";
				COPY_PHASE_STRIP = NO;
				DEBUG_INFORMATION_FORMAT = "dwarf-with-dsym";
				ENABLE_NS_ASSERTIONS = NO;
				ENABLE_STRICT_OBJC_MSGSEND = YES;
				GCC_C_LANGUAGE_STANDARD = gnu99;
				GCC_NO_COMMON_BLOCKS = YES;
				GCC_WARN_64_TO_32_BIT_CONVERSION = YES;
				GCC_WARN_ABOUT_RETURN_TYPE = YES_ERROR;
				GCC_WARN_UNDECLARED_SELECTOR = YES;
				GCC_WARN_UNINITIALIZED_AUTOS = YES_AGGRESSIVE;
				GCC_WARN_UNUSED_FUNCTION = YES;
				GCC_WARN_UNUSED_VARIABLE = YES;
				IPHONEOS_DEPLOYMENT_TARGET = 10.2;
				MTL_ENABLE_DEBUG_INFO = NO;
				SDKROOT = iphoneos;
				SWIFT_OPTIMIZATION_LEVEL = "-Owholemodule";
				TARGETED_DEVICE_FAMILY = "1,2";
				VALIDATE_PRODUCT = YES;
			};
			name = Release;
		};
		CFD95F0F1E13BCF6002D4120 /* Debug */ = {
			isa = XCBuildConfiguration;
			buildSettings = {
				ASSETCATALOG_COMPILER_APPICON_NAME = AppIcon;
				DEVELOPMENT_TEAM = N5BSAGANVU;
				INFOPLIST_FILE = HotWheelsCollection/Info.plist;
				LD_RUNPATH_SEARCH_PATHS = "$(inherited) @executable_path/Frameworks";
				PRODUCT_BUNDLE_IDENTIFIER = edu.harvard.HotWheelsCollection;
				PRODUCT_NAME = "$(TARGET_NAME)";
				SWIFT_VERSION = 3.0;
			};
			name = Debug;
		};
		CFD95F101E13BCF6002D4120 /* Release */ = {
			isa = XCBuildConfiguration;
			buildSettings = {
				ASSETCATALOG_COMPILER_APPICON_NAME = AppIcon;
				DEVELOPMENT_TEAM = N5BSAGANVU;
				INFOPLIST_FILE = HotWheelsCollection/Info.plist;
				LD_RUNPATH_SEARCH_PATHS = "$(inherited) @executable_path/Frameworks";
				PRODUCT_BUNDLE_IDENTIFIER = edu.harvard.HotWheelsCollection;
				PRODUCT_NAME = "$(TARGET_NAME)";
				SWIFT_VERSION = 3.0;
			};
			name = Release;
		};
/* End XCBuildConfiguration section */

/* Begin XCConfigurationList section */
		CFD95EF71E13BCF6002D4120 /* Build configuration list for PBXProject "HotWheelsCollection" */ = {
			isa = XCConfigurationList;
			buildConfigurations = (
				CFD95F0C1E13BCF6002D4120 /* Debug */,
				CFD95F0D1E13BCF6002D4120 /* Release */,
			);
			defaultConfigurationIsVisible = 0;
			defaultConfigurationName = Release;
		};
		CFD95F0E1E13BCF6002D4120 /* Build configuration list for PBXNativeTarget "HotWheelsCollection" */ = {
			isa = XCConfigurationList;
			buildConfigurations = (
				CFD95F0F1E13BCF6002D4120 /* Debug */,
				CFD95F101E13BCF6002D4120 /* Release */,
			);
			defaultConfigurationIsVisible = 0;
			defaultConfigurationName = Release;
		};
/* End XCConfigurationList section */

/* Begin XCVersionGroup section */
		CFD95F111E13BD08002D4120 /* Model.xcdatamodeld */ = {
			isa = XCVersionGroup;
			children = (
				CFD95F121E13BD08002D4120 /* Model.xcdatamodel */,
			);
			currentVersion = CFD95F121E13BD08002D4120 /* Model.xcdatamodel */;
			path = Model.xcdatamodeld;
			sourceTree = "<group>";
			versionGroupType = wrapper.xcdatamodel;
		};
/* End XCVersionGroup section */
	};
	rootObject = CFD95EF41E13BCF6002D4120 /* Project object */;
}
